// !$*UTF8*$!
{
	archiveVersion = 1;
	classes = {
	};
	objectVersion = 51;
	objects = {

/* Begin PBXBuildFile section */
		4D47A7C162CBCD424DDC9919 /* Pods_RDFBrowser.framework in Frameworks */ = {isa = PBXBuildFile; fileRef = 471BFD981897D26939F1BF47 /* Pods_RDFBrowser.framework */; };
		EA05BCCC23AF5C560062D9A9 /* RDFSSchema.swift in Sources */ = {isa = PBXBuildFile; fileRef = EA05BCCB23AF5C560062D9A9 /* RDFSSchema.swift */; };
		EA14DF4F23AF4EEE005EFD50 /* AppDelegate.swift in Sources */ = {isa = PBXBuildFile; fileRef = EA14DF4E23AF4EEE005EFD50 /* AppDelegate.swift */; };
		EA14DF5123AF4EEE005EFD50 /* ViewController.swift in Sources */ = {isa = PBXBuildFile; fileRef = EA14DF5023AF4EEE005EFD50 /* ViewController.swift */; };
		EA14DF5323AF4EEF005EFD50 /* Assets.xcassets in Resources */ = {isa = PBXBuildFile; fileRef = EA14DF5223AF4EEF005EFD50 /* Assets.xcassets */; };
		EA14DF5623AF4EEF005EFD50 /* Main.storyboard in Resources */ = {isa = PBXBuildFile; fileRef = EA14DF5423AF4EEF005EFD50 /* Main.storyboard */; };
		EA21940723AF67D600095374 /* NibLessLoadable.swift in Sources */ = {isa = PBXBuildFile; fileRef = EA21940623AF67D600095374 /* NibLessLoadable.swift */; };
		EA21940923AF79C200095374 /* Subject.swift in Sources */ = {isa = PBXBuildFile; fileRef = EA21940823AF79C200095374 /* Subject.swift */; };
		EA21940B23AF7D3800095374 /* SubjectViewModel.swift in Sources */ = {isa = PBXBuildFile; fileRef = EA21940A23AF7D3800095374 /* SubjectViewModel.swift */; };
		EA21940D23AF840B00095374 /* VerbObjectPairView.swift in Sources */ = {isa = PBXBuildFile; fileRef = EA21940C23AF840B00095374 /* VerbObjectPairView.swift */; };
		EA21940F23AF85E400095374 /* SubjectView.swift in Sources */ = {isa = PBXBuildFile; fileRef = EA21940E23AF85E400095374 /* SubjectView.swift */; };
		EA21941123AF8C4600095374 /* AutolayoutLabel.swift in Sources */ = {isa = PBXBuildFile; fileRef = EA21941023AF8C4600095374 /* AutolayoutLabel.swift */; };
		EA21942323AF972F00095374 /* WindowController.swift in Sources */ = {isa = PBXBuildFile; fileRef = EA21942223AF972F00095374 /* WindowController.swift */; };
		EA7FA687241E3579003D9894 /* QueryAndResultsViewController.swift in Sources */ = {isa = PBXBuildFile; fileRef = EA7FA686241E3579003D9894 /* QueryAndResultsViewController.swift */; };
		EA7FA689241E390B003D9894 /* SubjectOverviewView.swift in Sources */ = {isa = PBXBuildFile; fileRef = EA7FA688241E390B003D9894 /* SubjectOverviewView.swift */; };
		EACA438423AFAB10008796AE /* AppDelegate.swift in Sources */ = {isa = PBXBuildFile; fileRef = EACA438323AFAB10008796AE /* AppDelegate.swift */; };
		EACA438623AFAB10008796AE /* SceneDelegate.swift in Sources */ = {isa = PBXBuildFile; fileRef = EACA438523AFAB10008796AE /* SceneDelegate.swift */; };
		EACA438823AFAB10008796AE /* SubjectGraphViewController.swift in Sources */ = {isa = PBXBuildFile; fileRef = EACA438723AFAB10008796AE /* SubjectGraphViewController.swift */; };
		EACA438B23AFAB10008796AE /* Main.storyboard in Resources */ = {isa = PBXBuildFile; fileRef = EACA438923AFAB10008796AE /* Main.storyboard */; };
		EACA438D23AFAB10008796AE /* Assets.xcassets in Resources */ = {isa = PBXBuildFile; fileRef = EACA438C23AFAB10008796AE /* Assets.xcassets */; };
		EACA439023AFAB10008796AE /* LaunchScreen.storyboard in Resources */ = {isa = PBXBuildFile; fileRef = EACA438E23AFAB10008796AE /* LaunchScreen.storyboard */; };
		EACA439723AFAB6B008796AE /* Graph.swift in Sources */ = {isa = PBXBuildFile; fileRef = EACA439623AFAB6B008796AE /* Graph.swift */; };
		EACA439B23AFAC92008796AE /* Pods_RDFBrowserPad.framework in Frameworks */ = {isa = PBXBuildFile; fileRef = EACA439A23AFAC92008796AE /* Pods_RDFBrowserPad.framework */; };
		EACA439D23AFAF09008796AE /* GraphView.swift in Sources */ = {isa = PBXBuildFile; fileRef = EACA439C23AFAF09008796AE /* GraphView.swift */; };
		EACA43A123AFB6B9008796AE /* RDFSSchema.swift in Sources */ = {isa = PBXBuildFile; fileRef = EA05BCCB23AF5C560062D9A9 /* RDFSSchema.swift */; };
		EACA43A223AFB6B9008796AE /* Subject.swift in Sources */ = {isa = PBXBuildFile; fileRef = EA21940823AF79C200095374 /* Subject.swift */; };
/* End PBXBuildFile section */

/* Begin PBXFileReference section */
		14997D68ADB59F9666638379 /* Pods-RDFBrowserPad.debug.xcconfig */ = {isa = PBXFileReference; includeInIndex = 1; lastKnownFileType = text.xcconfig; name = "Pods-RDFBrowserPad.debug.xcconfig"; path = "Target Support Files/Pods-RDFBrowserPad/Pods-RDFBrowserPad.debug.xcconfig"; sourceTree = "<group>"; };
		29D9298D46A2BA9C9C6F8058 /* Pods-RDFBrowser.debug.xcconfig */ = {isa = PBXFileReference; includeInIndex = 1; lastKnownFileType = text.xcconfig; name = "Pods-RDFBrowser.debug.xcconfig"; path = "Target Support Files/Pods-RDFBrowser/Pods-RDFBrowser.debug.xcconfig"; sourceTree = "<group>"; };
		429167E1B0191BB093019E25 /* Pods_RDFBrowserPad.framework */ = {isa = PBXFileReference; explicitFileType = wrapper.framework; includeInIndex = 0; path = Pods_RDFBrowserPad.framework; sourceTree = BUILT_PRODUCTS_DIR; };
		471BFD981897D26939F1BF47 /* Pods_RDFBrowser.framework */ = {isa = PBXFileReference; explicitFileType = wrapper.framework; includeInIndex = 0; path = Pods_RDFBrowser.framework; sourceTree = BUILT_PRODUCTS_DIR; };
		B7598FCF7B3ACF8ED6902E0A /* Pods-RDFBrowser.release.xcconfig */ = {isa = PBXFileReference; includeInIndex = 1; lastKnownFileType = text.xcconfig; name = "Pods-RDFBrowser.release.xcconfig"; path = "Target Support Files/Pods-RDFBrowser/Pods-RDFBrowser.release.xcconfig"; sourceTree = "<group>"; };
		CB8A09173694473CBC7B1486 /* Pods-RDFBrowserPad.release.xcconfig */ = {isa = PBXFileReference; includeInIndex = 1; lastKnownFileType = text.xcconfig; name = "Pods-RDFBrowserPad.release.xcconfig"; path = "Target Support Files/Pods-RDFBrowserPad/Pods-RDFBrowserPad.release.xcconfig"; sourceTree = "<group>"; };
		EA05BCCB23AF5C560062D9A9 /* RDFSSchema.swift */ = {isa = PBXFileReference; lastKnownFileType = sourcecode.swift; path = RDFSSchema.swift; sourceTree = "<group>"; };
		EA14DF4B23AF4EEE005EFD50 /* RDFBrowser.app */ = {isa = PBXFileReference; explicitFileType = wrapper.application; includeInIndex = 0; path = RDFBrowser.app; sourceTree = BUILT_PRODUCTS_DIR; };
		EA14DF4E23AF4EEE005EFD50 /* AppDelegate.swift */ = {isa = PBXFileReference; lastKnownFileType = sourcecode.swift; path = AppDelegate.swift; sourceTree = "<group>"; };
		EA14DF5023AF4EEE005EFD50 /* ViewController.swift */ = {isa = PBXFileReference; lastKnownFileType = sourcecode.swift; path = ViewController.swift; sourceTree = "<group>"; };
		EA14DF5223AF4EEF005EFD50 /* Assets.xcassets */ = {isa = PBXFileReference; lastKnownFileType = folder.assetcatalog; path = Assets.xcassets; sourceTree = "<group>"; };
		EA14DF5523AF4EEF005EFD50 /* Base */ = {isa = PBXFileReference; lastKnownFileType = file.storyboard; name = Base; path = Base.lproj/Main.storyboard; sourceTree = "<group>"; };
		EA14DF5723AF4EEF005EFD50 /* Info.plist */ = {isa = PBXFileReference; lastKnownFileType = text.plist.xml; path = Info.plist; sourceTree = "<group>"; };
		EA14DF5823AF4EEF005EFD50 /* RDFBrowser.entitlements */ = {isa = PBXFileReference; lastKnownFileType = text.plist.entitlements; path = RDFBrowser.entitlements; sourceTree = "<group>"; };
		EA21940623AF67D600095374 /* NibLessLoadable.swift */ = {isa = PBXFileReference; fileEncoding = 4; lastKnownFileType = sourcecode.swift; path = NibLessLoadable.swift; sourceTree = "<group>"; };
		EA21940823AF79C200095374 /* Subject.swift */ = {isa = PBXFileReference; lastKnownFileType = sourcecode.swift; path = Subject.swift; sourceTree = "<group>"; };
		EA21940A23AF7D3800095374 /* SubjectViewModel.swift */ = {isa = PBXFileReference; lastKnownFileType = sourcecode.swift; path = SubjectViewModel.swift; sourceTree = "<group>"; };
		EA21940C23AF840B00095374 /* VerbObjectPairView.swift */ = {isa = PBXFileReference; lastKnownFileType = sourcecode.swift; path = VerbObjectPairView.swift; sourceTree = "<group>"; };
		EA21940E23AF85E400095374 /* SubjectView.swift */ = {isa = PBXFileReference; lastKnownFileType = sourcecode.swift; path = SubjectView.swift; sourceTree = "<group>"; };
		EA21941023AF8C4600095374 /* AutolayoutLabel.swift */ = {isa = PBXFileReference; fileEncoding = 4; lastKnownFileType = sourcecode.swift; path = AutolayoutLabel.swift; sourceTree = "<group>"; };
		EA21942223AF972F00095374 /* WindowController.swift */ = {isa = PBXFileReference; lastKnownFileType = sourcecode.swift; path = WindowController.swift; sourceTree = "<group>"; };
		EA7FA686241E3579003D9894 /* QueryAndResultsViewController.swift */ = {isa = PBXFileReference; lastKnownFileType = sourcecode.swift; path = QueryAndResultsViewController.swift; sourceTree = "<group>"; };
		EA7FA688241E390B003D9894 /* SubjectOverviewView.swift */ = {isa = PBXFileReference; lastKnownFileType = sourcecode.swift; path = SubjectOverviewView.swift; sourceTree = "<group>"; };
		EACA438123AFAB10008796AE /* RDFBrowserPad.app */ = {isa = PBXFileReference; explicitFileType = wrapper.application; includeInIndex = 0; path = RDFBrowserPad.app; sourceTree = BUILT_PRODUCTS_DIR; };
		EACA438323AFAB10008796AE /* AppDelegate.swift */ = {isa = PBXFileReference; lastKnownFileType = sourcecode.swift; path = AppDelegate.swift; sourceTree = "<group>"; };
		EACA438523AFAB10008796AE /* SceneDelegate.swift */ = {isa = PBXFileReference; lastKnownFileType = sourcecode.swift; path = SceneDelegate.swift; sourceTree = "<group>"; };
		EACA438723AFAB10008796AE /* SubjectGraphViewController.swift */ = {isa = PBXFileReference; lastKnownFileType = sourcecode.swift; path = SubjectGraphViewController.swift; sourceTree = "<group>"; };
		EACA438A23AFAB10008796AE /* Base */ = {isa = PBXFileReference; lastKnownFileType = file.storyboard; name = Base; path = Base.lproj/Main.storyboard; sourceTree = "<group>"; };
		EACA438C23AFAB10008796AE /* Assets.xcassets */ = {isa = PBXFileReference; lastKnownFileType = folder.assetcatalog; path = Assets.xcassets; sourceTree = "<group>"; };
		EACA438F23AFAB10008796AE /* Base */ = {isa = PBXFileReference; lastKnownFileType = file.storyboard; name = Base; path = Base.lproj/LaunchScreen.storyboard; sourceTree = "<group>"; };
		EACA439123AFAB10008796AE /* Info.plist */ = {isa = PBXFileReference; lastKnownFileType = text.plist.xml; path = Info.plist; sourceTree = "<group>"; };
		EACA439523AFAB18008796AE /* RDFBrowserPad.entitlements */ = {isa = PBXFileReference; lastKnownFileType = text.plist.entitlements; path = RDFBrowserPad.entitlements; sourceTree = "<group>"; };
		EACA439623AFAB6B008796AE /* Graph.swift */ = {isa = PBXFileReference; lastKnownFileType = sourcecode.swift; path = Graph.swift; sourceTree = "<group>"; };
		EACA439A23AFAC92008796AE /* Pods_RDFBrowserPad.framework */ = {isa = PBXFileReference; explicitFileType = wrapper.framework; path = Pods_RDFBrowserPad.framework; sourceTree = BUILT_PRODUCTS_DIR; };
		EACA439C23AFAF09008796AE /* GraphView.swift */ = {isa = PBXFileReference; lastKnownFileType = sourcecode.swift; path = GraphView.swift; sourceTree = "<group>"; };
/* End PBXFileReference section */

/* Begin PBXFrameworksBuildPhase section */
		EA14DF4823AF4EEE005EFD50 /* Frameworks */ = {
			isa = PBXFrameworksBuildPhase;
			buildActionMask = 2147483647;
			files = (
				4D47A7C162CBCD424DDC9919 /* Pods_RDFBrowser.framework in Frameworks */,
			);
			runOnlyForDeploymentPostprocessing = 0;
		};
		EACA437E23AFAB10008796AE /* Frameworks */ = {
			isa = PBXFrameworksBuildPhase;
			buildActionMask = 2147483647;
			files = (
				EACA439B23AFAC92008796AE /* Pods_RDFBrowserPad.framework in Frameworks */,
			);
			runOnlyForDeploymentPostprocessing = 0;
		};
/* End PBXFrameworksBuildPhase section */

/* Begin PBXGroup section */
		11952A2F2C4A44683461DBC7 /* Frameworks */ = {
			isa = PBXGroup;
			children = (
				EACA439A23AFAC92008796AE /* Pods_RDFBrowserPad.framework */,
				471BFD981897D26939F1BF47 /* Pods_RDFBrowser.framework */,
				429167E1B0191BB093019E25 /* Pods_RDFBrowserPad.framework */,
			);
			name = Frameworks;
			sourceTree = "<group>";
		};
		6308E76479DD05244347C127 /* Pods */ = {
			isa = PBXGroup;
			children = (
				29D9298D46A2BA9C9C6F8058 /* Pods-RDFBrowser.debug.xcconfig */,
				B7598FCF7B3ACF8ED6902E0A /* Pods-RDFBrowser.release.xcconfig */,
				14997D68ADB59F9666638379 /* Pods-RDFBrowserPad.debug.xcconfig */,
				CB8A09173694473CBC7B1486 /* Pods-RDFBrowserPad.release.xcconfig */,
			);
			path = Pods;
			sourceTree = "<group>";
		};
		EA14DF4223AF4EEE005EFD50 = {
			isa = PBXGroup;
			children = (
				EA14DF4D23AF4EEE005EFD50 /* RDFBrowser */,
				EA21941223AF8C4C00095374 /* Common */,
				EACA438223AFAB10008796AE /* RDFBrowserPad */,
				EA14DF4C23AF4EEE005EFD50 /* Products */,
				6308E76479DD05244347C127 /* Pods */,
				11952A2F2C4A44683461DBC7 /* Frameworks */,
			);
			sourceTree = "<group>";
		};
		EA14DF4C23AF4EEE005EFD50 /* Products */ = {
			isa = PBXGroup;
			children = (
				EA14DF4B23AF4EEE005EFD50 /* RDFBrowser.app */,
				EACA438123AFAB10008796AE /* RDFBrowserPad.app */,
			);
			name = Products;
			sourceTree = "<group>";
		};
		EA14DF4D23AF4EEE005EFD50 /* RDFBrowser */ = {
			isa = PBXGroup;
			children = (
				EA14DF4E23AF4EEE005EFD50 /* AppDelegate.swift */,
				EA21942223AF972F00095374 /* WindowController.swift */,
				EA14DF5023AF4EEE005EFD50 /* ViewController.swift */,
				EA21940A23AF7D3800095374 /* SubjectViewModel.swift */,
				EA21940E23AF85E400095374 /* SubjectView.swift */,
				EA21940C23AF840B00095374 /* VerbObjectPairView.swift */,
				EACA439E23AFB6B0008796AE /* Common */,
				EA14DF5223AF4EEF005EFD50 /* Assets.xcassets */,
				EA14DF5423AF4EEF005EFD50 /* Main.storyboard */,
				EA14DF5723AF4EEF005EFD50 /* Info.plist */,
				EA14DF5823AF4EEF005EFD50 /* RDFBrowser.entitlements */,
			);
			path = RDFBrowser;
			sourceTree = "<group>";
		};
		EA21941223AF8C4C00095374 /* Common */ = {
			isa = PBXGroup;
			children = (
				EA05BCCB23AF5C560062D9A9 /* RDFSSchema.swift */,
				EA21940823AF79C200095374 /* Subject.swift */,
			);
			path = Common;
			sourceTree = "<group>";
		};
		EACA438223AFAB10008796AE /* RDFBrowserPad */ = {
			isa = PBXGroup;
			children = (
				EACA439523AFAB18008796AE /* RDFBrowserPad.entitlements */,
				EACA438323AFAB10008796AE /* AppDelegate.swift */,
				EACA438523AFAB10008796AE /* SceneDelegate.swift */,
				EA7FA686241E3579003D9894 /* QueryAndResultsViewController.swift */,
				EACA438723AFAB10008796AE /* SubjectGraphViewController.swift */,
				EA7FA688241E390B003D9894 /* SubjectOverviewView.swift */,
				EACA439623AFAB6B008796AE /* Graph.swift */,
				EACA439C23AFAF09008796AE /* GraphView.swift */,
				EACA438923AFAB10008796AE /* Main.storyboard */,
				EACA438C23AFAB10008796AE /* Assets.xcassets */,
				EACA438E23AFAB10008796AE /* LaunchScreen.storyboard */,
				EACA439123AFAB10008796AE /* Info.plist */,
			);
			path = RDFBrowserPad;
			sourceTree = "<group>";
		};
		EACA439E23AFB6B0008796AE /* Common */ = {
			isa = PBXGroup;
			children = (
				EA21941023AF8C4600095374 /* AutolayoutLabel.swift */,
				EA21940623AF67D600095374 /* NibLessLoadable.swift */,
			);
			path = Common;
			sourceTree = "<group>";
		};
/* End PBXGroup section */

/* Begin PBXNativeTarget section */
		EA14DF4A23AF4EEE005EFD50 /* RDFBrowser */ = {
			isa = PBXNativeTarget;
			buildConfigurationList = EA14DF5B23AF4EEF005EFD50 /* Build configuration list for PBXNativeTarget "RDFBrowser" */;
			buildPhases = (
				173D0B7C31C28BE55D0C2A12 /* [CP] Check Pods Manifest.lock */,
				EA14DF4723AF4EEE005EFD50 /* Sources */,
				EA14DF4823AF4EEE005EFD50 /* Frameworks */,
				EA14DF4923AF4EEE005EFD50 /* Resources */,
				957E5EA44B2CF6BBAFAB9D29 /* [CP] Embed Pods Frameworks */,
			);
			buildRules = (
			);
			dependencies = (
			);
			name = RDFBrowser;
			productName = RDFBrowser;
			productReference = EA14DF4B23AF4EEE005EFD50 /* RDFBrowser.app */;
			productType = "com.apple.product-type.application";
		};
		EACA438023AFAB10008796AE /* RDFBrowserPad */ = {
			isa = PBXNativeTarget;
			buildConfigurationList = EACA439423AFAB10008796AE /* Build configuration list for PBXNativeTarget "RDFBrowserPad" */;
			buildPhases = (
				64DDD4433114A26FA2DA4C5A /* [CP] Check Pods Manifest.lock */,
				EACA437D23AFAB10008796AE /* Sources */,
				EACA437E23AFAB10008796AE /* Frameworks */,
				EACA437F23AFAB10008796AE /* Resources */,
				43EBBB91960E9C374FF93316 /* [CP] Embed Pods Frameworks */,
			);
			buildRules = (
			);
			dependencies = (
			);
			name = RDFBrowserPad;
			productName = RDFBrowserPad;
			productReference = EACA438123AFAB10008796AE /* RDFBrowserPad.app */;
			productType = "com.apple.product-type.application";
		};
/* End PBXNativeTarget section */

/* Begin PBXProject section */
		EA14DF4323AF4EEE005EFD50 /* Project object */ = {
			isa = PBXProject;
			attributes = {
				LastSwiftUpdateCheck = 1130;
				LastUpgradeCheck = 1130;
				ORGANIZATIONNAME = banjun;
				TargetAttributes = {
					EA14DF4A23AF4EEE005EFD50 = {
						CreatedOnToolsVersion = 11.3;
					};
					EACA438023AFAB10008796AE = {
						CreatedOnToolsVersion = 11.3;
					};
				};
			};
			buildConfigurationList = EA14DF4623AF4EEE005EFD50 /* Build configuration list for PBXProject "RDFBrowser" */;
			compatibilityVersion = "Xcode 9.3";
			developmentRegion = en;
			hasScannedForEncodings = 0;
			knownRegions = (
				en,
				Base,
			);
			mainGroup = EA14DF4223AF4EEE005EFD50;
			productRefGroup = EA14DF4C23AF4EEE005EFD50 /* Products */;
			projectDirPath = "";
			projectRoot = "";
			targets = (
				EA14DF4A23AF4EEE005EFD50 /* RDFBrowser */,
				EACA438023AFAB10008796AE /* RDFBrowserPad */,
			);
		};
/* End PBXProject section */

/* Begin PBXResourcesBuildPhase section */
		EA14DF4923AF4EEE005EFD50 /* Resources */ = {
			isa = PBXResourcesBuildPhase;
			buildActionMask = 2147483647;
			files = (
				EA14DF5323AF4EEF005EFD50 /* Assets.xcassets in Resources */,
				EA14DF5623AF4EEF005EFD50 /* Main.storyboard in Resources */,
			);
			runOnlyForDeploymentPostprocessing = 0;
		};
		EACA437F23AFAB10008796AE /* Resources */ = {
			isa = PBXResourcesBuildPhase;
			buildActionMask = 2147483647;
			files = (
				EACA439023AFAB10008796AE /* LaunchScreen.storyboard in Resources */,
				EACA438D23AFAB10008796AE /* Assets.xcassets in Resources */,
				EACA438B23AFAB10008796AE /* Main.storyboard in Resources */,
			);
			runOnlyForDeploymentPostprocessing = 0;
		};
/* End PBXResourcesBuildPhase section */

/* Begin PBXShellScriptBuildPhase section */
		173D0B7C31C28BE55D0C2A12 /* [CP] Check Pods Manifest.lock */ = {
			isa = PBXShellScriptBuildPhase;
			buildActionMask = 2147483647;
			files = (
			);
			inputFileListPaths = (
			);
			inputPaths = (
				"${PODS_PODFILE_DIR_PATH}/Podfile.lock",
				"${PODS_ROOT}/Manifest.lock",
			);
			name = "[CP] Check Pods Manifest.lock";
			outputFileListPaths = (
			);
			outputPaths = (
				"$(DERIVED_FILE_DIR)/Pods-RDFBrowser-checkManifestLockResult.txt",
			);
			runOnlyForDeploymentPostprocessing = 0;
			shellPath = /bin/sh;
			shellScript = "diff \"${PODS_PODFILE_DIR_PATH}/Podfile.lock\" \"${PODS_ROOT}/Manifest.lock\" > /dev/null\nif [ $? != 0 ] ; then\n    # print error to STDERR\n    echo \"error: The sandbox is not in sync with the Podfile.lock. Run 'pod install' or update your CocoaPods installation.\" >&2\n    exit 1\nfi\n# This output is used by Xcode 'outputs' to avoid re-running this script phase.\necho \"SUCCESS\" > \"${SCRIPT_OUTPUT_FILE_0}\"\n";
			showEnvVarsInLog = 0;
		};
		43EBBB91960E9C374FF93316 /* [CP] Embed Pods Frameworks */ = {
			isa = PBXShellScriptBuildPhase;
			buildActionMask = 2147483647;
			files = (
			);
			inputFileListPaths = (
				"${PODS_ROOT}/Target Support Files/Pods-RDFBrowserPad/Pods-RDFBrowserPad-frameworks-${CONFIGURATION}-input-files.xcfilelist",
			);
			name = "[CP] Embed Pods Frameworks";
			outputFileListPaths = (
				"${PODS_ROOT}/Target Support Files/Pods-RDFBrowserPad/Pods-RDFBrowserPad-frameworks-${CONFIGURATION}-output-files.xcfilelist",
			);
			runOnlyForDeploymentPostprocessing = 0;
			shellPath = /bin/sh;
			shellScript = "\"${PODS_ROOT}/Target Support Files/Pods-RDFBrowserPad/Pods-RDFBrowserPad-frameworks.sh\"\n";
			showEnvVarsInLog = 0;
		};
		64DDD4433114A26FA2DA4C5A /* [CP] Check Pods Manifest.lock */ = {
			isa = PBXShellScriptBuildPhase;
			buildActionMask = 2147483647;
			files = (
			);
			inputFileListPaths = (
			);
			inputPaths = (
				"${PODS_PODFILE_DIR_PATH}/Podfile.lock",
				"${PODS_ROOT}/Manifest.lock",
			);
			name = "[CP] Check Pods Manifest.lock";
			outputFileListPaths = (
			);
			outputPaths = (
				"$(DERIVED_FILE_DIR)/Pods-RDFBrowserPad-checkManifestLockResult.txt",
			);
			runOnlyForDeploymentPostprocessing = 0;
			shellPath = /bin/sh;
			shellScript = "diff \"${PODS_PODFILE_DIR_PATH}/Podfile.lock\" \"${PODS_ROOT}/Manifest.lock\" > /dev/null\nif [ $? != 0 ] ; then\n    # print error to STDERR\n    echo \"error: The sandbox is not in sync with the Podfile.lock. Run 'pod install' or update your CocoaPods installation.\" >&2\n    exit 1\nfi\n# This output is used by Xcode 'outputs' to avoid re-running this script phase.\necho \"SUCCESS\" > \"${SCRIPT_OUTPUT_FILE_0}\"\n";
			showEnvVarsInLog = 0;
		};
		957E5EA44B2CF6BBAFAB9D29 /* [CP] Embed Pods Frameworks */ = {
			isa = PBXShellScriptBuildPhase;
			buildActionMask = 2147483647;
			files = (
			);
			inputFileListPaths = (
				"${PODS_ROOT}/Target Support Files/Pods-RDFBrowser/Pods-RDFBrowser-frameworks-${CONFIGURATION}-input-files.xcfilelist",
			);
			name = "[CP] Embed Pods Frameworks";
			outputFileListPaths = (
				"${PODS_ROOT}/Target Support Files/Pods-RDFBrowser/Pods-RDFBrowser-frameworks-${CONFIGURATION}-output-files.xcfilelist",
			);
			runOnlyForDeploymentPostprocessing = 0;
			shellPath = /bin/sh;
			shellScript = "\"${PODS_ROOT}/Target Support Files/Pods-RDFBrowser/Pods-RDFBrowser-frameworks.sh\"\n";
			showEnvVarsInLog = 0;
		};
/* End PBXShellScriptBuildPhase section */

/* Begin PBXSourcesBuildPhase section */
		EA14DF4723AF4EEE005EFD50 /* Sources */ = {
			isa = PBXSourcesBuildPhase;
			buildActionMask = 2147483647;
			files = (
				EA21941123AF8C4600095374 /* AutolayoutLabel.swift in Sources */,
				EA21942323AF972F00095374 /* WindowController.swift in Sources */,
				EA21940723AF67D600095374 /* NibLessLoadable.swift in Sources */,
				EA21940923AF79C200095374 /* Subject.swift in Sources */,
				EA21940D23AF840B00095374 /* VerbObjectPairView.swift in Sources */,
				EA14DF5123AF4EEE005EFD50 /* ViewController.swift in Sources */,
				EA14DF4F23AF4EEE005EFD50 /* AppDelegate.swift in Sources */,
				EA05BCCC23AF5C560062D9A9 /* RDFSSchema.swift in Sources */,
				EA21940B23AF7D3800095374 /* SubjectViewModel.swift in Sources */,
				EA21940F23AF85E400095374 /* SubjectView.swift in Sources */,
			);
			runOnlyForDeploymentPostprocessing = 0;
		};
		EACA437D23AFAB10008796AE /* Sources */ = {
			isa = PBXSourcesBuildPhase;
			buildActionMask = 2147483647;
			files = (
				EA7FA687241E3579003D9894 /* QueryAndResultsViewController.swift in Sources */,
				EACA439723AFAB6B008796AE /* Graph.swift in Sources */,
				EACA439D23AFAF09008796AE /* GraphView.swift in Sources */,
				EACA438823AFAB10008796AE /* SubjectGraphViewController.swift in Sources */,
				EACA43A123AFB6B9008796AE /* RDFSSchema.swift in Sources */,
				EACA438423AFAB10008796AE /* AppDelegate.swift in Sources */,
				EA7FA689241E390B003D9894 /* SubjectOverviewView.swift in Sources */,
				EACA43A223AFB6B9008796AE /* Subject.swift in Sources */,
				EACA438623AFAB10008796AE /* SceneDelegate.swift in Sources */,
			);
			runOnlyForDeploymentPostprocessing = 0;
		};
/* End PBXSourcesBuildPhase section */

/* Begin PBXVariantGroup section */
		EA14DF5423AF4EEF005EFD50 /* Main.storyboard */ = {
			isa = PBXVariantGroup;
			children = (
				EA14DF5523AF4EEF005EFD50 /* Base */,
			);
			name = Main.storyboard;
			sourceTree = "<group>";
		};
		EACA438923AFAB10008796AE /* Main.storyboard */ = {
			isa = PBXVariantGroup;
			children = (
				EACA438A23AFAB10008796AE /* Base */,
			);
			name = Main.storyboard;
			sourceTree = "<group>";
		};
		EACA438E23AFAB10008796AE /* LaunchScreen.storyboard */ = {
			isa = PBXVariantGroup;
			children = (
				EACA438F23AFAB10008796AE /* Base */,
			);
			name = LaunchScreen.storyboard;
			sourceTree = "<group>";
		};
/* End PBXVariantGroup section */

/* Begin XCBuildConfiguration section */
		EA14DF5923AF4EEF005EFD50 /* Debug */ = {
			isa = XCBuildConfiguration;
			buildSettings = {
				ALWAYS_SEARCH_USER_PATHS = NO;
				CLANG_ANALYZER_NONNULL = YES;
				CLANG_ANALYZER_NUMBER_OBJECT_CONVERSION = YES_AGGRESSIVE;
				CLANG_CXX_LANGUAGE_STANDARD = "gnu++14";
				CLANG_CXX_LIBRARY = "libc++";
				CLANG_ENABLE_MODULES = YES;
				CLANG_ENABLE_OBJC_ARC = YES;
				CLANG_ENABLE_OBJC_WEAK = YES;
				CLANG_WARN_BLOCK_CAPTURE_AUTORELEASING = YES;
				CLANG_WARN_BOOL_CONVERSION = YES;
				CLANG_WARN_COMMA = YES;
				CLANG_WARN_CONSTANT_CONVERSION = YES;
				CLANG_WARN_DEPRECATED_OBJC_IMPLEMENTATIONS = YES;
				CLANG_WARN_DIRECT_OBJC_ISA_USAGE = YES_ERROR;
				CLANG_WARN_DOCUMENTATION_COMMENTS = YES;
				CLANG_WARN_EMPTY_BODY = YES;
				CLANG_WARN_ENUM_CONVERSION = YES;
				CLANG_WARN_INFINITE_RECURSION = YES;
				CLANG_WARN_INT_CONVERSION = YES;
				CLANG_WARN_NON_LITERAL_NULL_CONVERSION = YES;
				CLANG_WARN_OBJC_IMPLICIT_RETAIN_SELF = YES;
				CLANG_WARN_OBJC_LITERAL_CONVERSION = YES;
				CLANG_WARN_OBJC_ROOT_CLASS = YES_ERROR;
				CLANG_WARN_RANGE_LOOP_ANALYSIS = YES;
				CLANG_WARN_STRICT_PROTOTYPES = YES;
				CLANG_WARN_SUSPICIOUS_MOVE = YES;
				CLANG_WARN_UNGUARDED_AVAILABILITY = YES_AGGRESSIVE;
				CLANG_WARN_UNREACHABLE_CODE = YES;
				CLANG_WARN__DUPLICATE_METHOD_MATCH = YES;
				COPY_PHASE_STRIP = NO;
				DEBUG_INFORMATION_FORMAT = dwarf;
				ENABLE_STRICT_OBJC_MSGSEND = YES;
				ENABLE_TESTABILITY = YES;
				GCC_C_LANGUAGE_STANDARD = gnu11;
				GCC_DYNAMIC_NO_PIC = NO;
				GCC_NO_COMMON_BLOCKS = YES;
				GCC_OPTIMIZATION_LEVEL = 0;
				GCC_PREPROCESSOR_DEFINITIONS = (
					"DEBUG=1",
					"$(inherited)",
				);
				GCC_WARN_64_TO_32_BIT_CONVERSION = YES;
				GCC_WARN_ABOUT_RETURN_TYPE = YES_ERROR;
				GCC_WARN_UNDECLARED_SELECTOR = YES;
				GCC_WARN_UNINITIALIZED_AUTOS = YES_AGGRESSIVE;
				GCC_WARN_UNUSED_FUNCTION = YES;
				GCC_WARN_UNUSED_VARIABLE = YES;
				MACOSX_DEPLOYMENT_TARGET = 10.15;
				MTL_ENABLE_DEBUG_INFO = INCLUDE_SOURCE;
				MTL_FAST_MATH = YES;
				ONLY_ACTIVE_ARCH = YES;
				SDKROOT = macosx;
				SWIFT_ACTIVE_COMPILATION_CONDITIONS = DEBUG;
				SWIFT_OPTIMIZATION_LEVEL = "-Onone";
			};
			name = Debug;
		};
		EA14DF5A23AF4EEF005EFD50 /* Release */ = {
			isa = XCBuildConfiguration;
			buildSettings = {
				ALWAYS_SEARCH_USER_PATHS = NO;
				CLANG_ANALYZER_NONNULL = YES;
				CLANG_ANALYZER_NUMBER_OBJECT_CONVERSION = YES_AGGRESSIVE;
				CLANG_CXX_LANGUAGE_STANDARD = "gnu++14";
				CLANG_CXX_LIBRARY = "libc++";
				CLANG_ENABLE_MODULES = YES;
				CLANG_ENABLE_OBJC_ARC = YES;
				CLANG_ENABLE_OBJC_WEAK = YES;
				CLANG_WARN_BLOCK_CAPTURE_AUTORELEASING = YES;
				CLANG_WARN_BOOL_CONVERSION = YES;
				CLANG_WARN_COMMA = YES;
				CLANG_WARN_CONSTANT_CONVERSION = YES;
				CLANG_WARN_DEPRECATED_OBJC_IMPLEMENTATIONS = YES;
				CLANG_WARN_DIRECT_OBJC_ISA_USAGE = YES_ERROR;
				CLANG_WARN_DOCUMENTATION_COMMENTS = YES;
				CLANG_WARN_EMPTY_BODY = YES;
				CLANG_WARN_ENUM_CONVERSION = YES;
				CLANG_WARN_INFINITE_RECURSION = YES;
				CLANG_WARN_INT_CONVERSION = YES;
				CLANG_WARN_NON_LITERAL_NULL_CONVERSION = YES;
				CLANG_WARN_OBJC_IMPLICIT_RETAIN_SELF = YES;
				CLANG_WARN_OBJC_LITERAL_CONVERSION = YES;
				CLANG_WARN_OBJC_ROOT_CLASS = YES_ERROR;
				CLANG_WARN_RANGE_LOOP_ANALYSIS = YES;
				CLANG_WARN_STRICT_PROTOTYPES = YES;
				CLANG_WARN_SUSPICIOUS_MOVE = YES;
				CLANG_WARN_UNGUARDED_AVAILABILITY = YES_AGGRESSIVE;
				CLANG_WARN_UNREACHABLE_CODE = YES;
				CLANG_WARN__DUPLICATE_METHOD_MATCH = YES;
				COPY_PHASE_STRIP = NO;
				DEBUG_INFORMATION_FORMAT = "dwarf-with-dsym";
				ENABLE_NS_ASSERTIONS = NO;
				ENABLE_STRICT_OBJC_MSGSEND = YES;
				GCC_C_LANGUAGE_STANDARD = gnu11;
				GCC_NO_COMMON_BLOCKS = YES;
				GCC_WARN_64_TO_32_BIT_CONVERSION = YES;
				GCC_WARN_ABOUT_RETURN_TYPE = YES_ERROR;
				GCC_WARN_UNDECLARED_SELECTOR = YES;
				GCC_WARN_UNINITIALIZED_AUTOS = YES_AGGRESSIVE;
				GCC_WARN_UNUSED_FUNCTION = YES;
				GCC_WARN_UNUSED_VARIABLE = YES;
				MACOSX_DEPLOYMENT_TARGET = 10.15;
				MTL_ENABLE_DEBUG_INFO = NO;
				MTL_FAST_MATH = YES;
				SDKROOT = macosx;
				SWIFT_COMPILATION_MODE = wholemodule;
				SWIFT_OPTIMIZATION_LEVEL = "-O";
			};
			name = Release;
		};
		EA14DF5C23AF4EEF005EFD50 /* Debug */ = {
			isa = XCBuildConfiguration;
			baseConfigurationReference = 29D9298D46A2BA9C9C6F8058 /* Pods-RDFBrowser.debug.xcconfig */;
			buildSettings = {
				ASSETCATALOG_COMPILER_APPICON_NAME = AppIcon;
				CODE_SIGN_ENTITLEMENTS = RDFBrowser/RDFBrowser.entitlements;
				CODE_SIGN_STYLE = Automatic;
				COMBINE_HIDPI_IMAGES = YES;
				INFOPLIST_FILE = RDFBrowser/Info.plist;
				LD_RUNPATH_SEARCH_PATHS = (
					"$(inherited)",
					"@executable_path/../Frameworks",
				);
				PRODUCT_BUNDLE_IDENTIFIER = jp.banjun.exp.RDFBrowser;
				PRODUCT_NAME = "$(TARGET_NAME)";
				SWIFT_VERSION = 5.0;
			};
			name = Debug;
		};
		EA14DF5D23AF4EEF005EFD50 /* Release */ = {
			isa = XCBuildConfiguration;
			baseConfigurationReference = B7598FCF7B3ACF8ED6902E0A /* Pods-RDFBrowser.release.xcconfig */;
			buildSettings = {
				ASSETCATALOG_COMPILER_APPICON_NAME = AppIcon;
				CODE_SIGN_ENTITLEMENTS = RDFBrowser/RDFBrowser.entitlements;
				CODE_SIGN_STYLE = Automatic;
				COMBINE_HIDPI_IMAGES = YES;
				INFOPLIST_FILE = RDFBrowser/Info.plist;
				LD_RUNPATH_SEARCH_PATHS = (
					"$(inherited)",
					"@executable_path/../Frameworks",
				);
				PRODUCT_BUNDLE_IDENTIFIER = jp.banjun.exp.RDFBrowser;
				PRODUCT_NAME = "$(TARGET_NAME)";
				SWIFT_VERSION = 5.0;
			};
			name = Release;
		};
		EACA439223AFAB10008796AE /* Debug */ = {
			isa = XCBuildConfiguration;
			baseConfigurationReference = 14997D68ADB59F9666638379 /* Pods-RDFBrowserPad.debug.xcconfig */;
			buildSettings = {
				ASSETCATALOG_COMPILER_APPICON_NAME = AppIcon;
				CODE_SIGN_ENTITLEMENTS = RDFBrowserPad/RDFBrowserPad.entitlements;
				"CODE_SIGN_IDENTITY[sdk=macosx*]" = "Apple Development";
				CODE_SIGN_STYLE = Automatic;
				DERIVE_MACCATALYST_PRODUCT_BUNDLE_IDENTIFIER = YES;
				DEVELOPMENT_TEAM = FPZK4WRGW7;
				INFOPLIST_FILE = RDFBrowserPad/Info.plist;
				IPHONEOS_DEPLOYMENT_TARGET = 13.2;
				LD_RUNPATH_SEARCH_PATHS = (
					"$(inherited)",
					"@executable_path/Frameworks",
				);
				PRODUCT_BUNDLE_IDENTIFIER = jp.banjun.exp.RDFBrowserPad;
				PRODUCT_NAME = "$(TARGET_NAME)";
				SDKROOT = iphoneos;
				SUPPORTS_MACCATALYST = YES;
				SWIFT_VERSION = 5.0;
				TARGETED_DEVICE_FAMILY = "1,2";
			};
			name = Debug;
		};
		EACA439323AFAB10008796AE /* Release */ = {
			isa = XCBuildConfiguration;
			baseConfigurationReference = CB8A09173694473CBC7B1486 /* Pods-RDFBrowserPad.release.xcconfig */;
			buildSettings = {
				ASSETCATALOG_COMPILER_APPICON_NAME = AppIcon;
				CODE_SIGN_ENTITLEMENTS = RDFBrowserPad/RDFBrowserPad.entitlements;
				"CODE_SIGN_IDENTITY[sdk=macosx*]" = "Apple Development";
				CODE_SIGN_STYLE = Automatic;
				DERIVE_MACCATALYST_PRODUCT_BUNDLE_IDENTIFIER = YES;
				DEVELOPMENT_TEAM = FPZK4WRGW7;
				INFOPLIST_FILE = RDFBrowserPad/Info.plist;
				IPHONEOS_DEPLOYMENT_TARGET = 13.2;
				LD_RUNPATH_SEARCH_PATHS = (
					"$(inherited)",
					"@executable_path/Frameworks",
				);
				PRODUCT_BUNDLE_IDENTIFIER = jp.banjun.exp.RDFBrowserPad;
				PRODUCT_NAME = "$(TARGET_NAME)";
				SDKROOT = iphoneos;
				SUPPORTS_MACCATALYST = YES;
				SWIFT_VERSION = 5.0;
				TARGETED_DEVICE_FAMILY = "1,2";
				VALIDATE_PRODUCT = YES;
			};
			name = Release;
		};
/* End XCBuildConfiguration section */

/* Begin XCConfigurationList section */
		EA14DF4623AF4EEE005EFD50 /* Build configuration list for PBXProject "RDFBrowser" */ = {
			isa = XCConfigurationList;
			buildConfigurations = (
				EA14DF5923AF4EEF005EFD50 /* Debug */,
				EA14DF5A23AF4EEF005EFD50 /* Release */,
			);
			defaultConfigurationIsVisible = 0;
			defaultConfigurationName = Release;
		};
		EA14DF5B23AF4EEF005EFD50 /* Build configuration list for PBXNativeTarget "RDFBrowser" */ = {
			isa = XCConfigurationList;
			buildConfigurations = (
				EA14DF5C23AF4EEF005EFD50 /* Debug */,
				EA14DF5D23AF4EEF005EFD50 /* Release */,
			);
			defaultConfigurationIsVisible = 0;
			defaultConfigurationName = Release;
		};
		EACA439423AFAB10008796AE /* Build configuration list for PBXNativeTarget "RDFBrowserPad" */ = {
			isa = XCConfigurationList;
			buildConfigurations = (
				EACA439223AFAB10008796AE /* Debug */,
				EACA439323AFAB10008796AE /* Release */,
			);
			defaultConfigurationIsVisible = 0;
			defaultConfigurationName = Release;
		};
/* End XCConfigurationList section */
	};
	rootObject = EA14DF4323AF4EEE005EFD50 /* Project object */;
}
